// !$*UTF8*$!
{
	archiveVersion = 1;
	classes = {
	};
	objectVersion = 77;
	objects = {

/* Begin PBXBuildFile section */
		DD57CC152F33626200AD4895 /* FacebookAEM in Frameworks */ = {isa = PBXBuildFile; productRef = DD57CC142F33626200AD4895 /* FacebookAEM */; };
		DD57CC172F33626200AD4895 /* FacebookBasics in Frameworks */ = {isa = PBXBuildFile; productRef = DD57CC162F33626200AD4895 /* FacebookBasics */; };
		DD57CC192F33626200AD4895 /* FacebookCore in Frameworks */ = {isa = PBXBuildFile; productRef = DD57CC182F33626200AD4895 /* FacebookCore */; };
		DDF8505E2F34485D0004DD9D /* AdjustGoogleOdm in Frameworks */ = {isa = PBXBuildFile; productRef = DDF8505D2F34485D0004DD9D /* AdjustGoogleOdm */; };
		DDF850602F34485D0004DD9D /* AdjustSdk in Frameworks */ = {isa = PBXBuildFile; productRef = DDF8505F2F34485D0004DD9D /* AdjustSdk */; };
/* End PBXBuildFile section */

/* Begin PBXCopyFilesBuildPhase section */
		DD1FF9492F2DCDC8005E1193 /* Embed Frameworks */ = {
			isa = PBXCopyFilesBuildPhase;
			buildActionMask = 2147483647;
			dstPath = "";
			dstSubfolderSpec = 10;
			files = (
			);
			name = "Embed Frameworks";
			runOnlyForDeploymentPostprocessing = 0;
		};
/* End PBXCopyFilesBuildPhase section */

/* Begin PBXFileReference section */
		DDD52BB52F14E66900B41C50 /* Emlio.app */ = {isa = PBXFileReference; explicitFileType = wrapper.application; includeInIndex = 0; path = Emlio.app; sourceTree = BUILT_PRODUCTS_DIR; };
/* End PBXFileReference section */

/* Begin PBXFileSystemSynchronizedBuildFileExceptionSet section */
		DD8917042F27101600F8534D /* Exceptions for "Emlio" folder in "Emlio" target */ = {
			isa = PBXFileSystemSynchronizedBuildFileExceptionSet;
			membershipExceptions = (
				Info.plist,
			);
			target = DDD52BB42F14E66900B41C50 /* Emlio */;
		};
/* End PBXFileSystemSynchronizedBuildFileExceptionSet section */

/* Begin PBXFileSystemSynchronizedRootGroup section */
		DDD52BB72F14E66900B41C50 /* Emlio */ = {
			isa = PBXFileSystemSynchronizedRootGroup;
			exceptions = (
				DD8917042F27101600F8534D /* Exceptions for "Emlio" folder in "Emlio" target */,
			);
			path = Emlio;
			sourceTree = "<group>";
		};
/* End PBXFileSystemSynchronizedRootGroup section */

/* Begin PBXFrameworksBuildPhase section */
		DDD52BB22F14E66900B41C50 /* Frameworks */ = {
			isa = PBXFrameworksBuildPhase;
			buildActionMask = 2147483647;
			files = (
				DDF850602F34485D0004DD9D /* AdjustSdk in Frameworks */,
				DD57CC152F33626200AD4895 /* FacebookAEM in Frameworks */,
				DD57CC192F33626200AD4895 /* FacebookCore in Frameworks */,
				DD57CC172F33626200AD4895 /* FacebookBasics in Frameworks */,
				DDF8505E2F34485D0004DD9D /* AdjustGoogleOdm in Frameworks */,
			);
			runOnlyForDeploymentPostprocessing = 0;
		};
/* End PBXFrameworksBuildPhase section */

/* Begin PBXGroup section */
		DD8916EA2F23492F00F8534D /* Frameworks */ = {
			isa = PBXGroup;
			children = (
			);
			name = Frameworks;
			sourceTree = "<group>";
		};
		DDD52BAC2F14E66900B41C50 = {
			isa = PBXGroup;
			children = (
				DDD52BB72F14E66900B41C50 /* Emlio */,
				DD8916EA2F23492F00F8534D /* Frameworks */,
				DDD52BB62F14E66900B41C50 /* Products */,
			);
			sourceTree = "<group>";
		};
		DDD52BB62F14E66900B41C50 /* Products */ = {
			isa = PBXGroup;
			children = (
				DDD52BB52F14E66900B41C50 /* Emlio.app */,
			);
			name = Products;
			sourceTree = "<group>";
		};
/* End PBXGroup section */

/* Begin PBXNativeTarget section */
		DDD52BB42F14E66900B41C50 /* Emlio */ = {
			isa = PBXNativeTarget;
			buildConfigurationList = DDD52BC22F14E66A00B41C50 /* Build configuration list for PBXNativeTarget "Emlio" */;
			buildPhases = (
				DDD52BB12F14E66900B41C50 /* Sources */,
				DDD52BB22F14E66900B41C50 /* Frameworks */,
				DDD52BB32F14E66900B41C50 /* Resources */,
				DD1FF9492F2DCDC8005E1193 /* Embed Frameworks */,
			);
			buildRules = (
			);
			dependencies = (
			);
			fileSystemSynchronizedGroups = (
				DDD52BB72F14E66900B41C50 /* Emlio */,
			);
			name = Emlio;
			packageProductDependencies = (
				DD57CC142F33626200AD4895 /* FacebookAEM */,
				DD57CC162F33626200AD4895 /* FacebookBasics */,
				DD57CC182F33626200AD4895 /* FacebookCore */,
				DDF8505D2F34485D0004DD9D /* AdjustGoogleOdm */,
				DDF8505F2F34485D0004DD9D /* AdjustSdk */,
			);
			productName = Emlio;
			productReference = DDD52BB52F14E66900B41C50 /* Emlio.app */;
			productType = "com.apple.product-type.application";
		};
/* End PBXNativeTarget section */

/* Begin PBXProject section */
		DDD52BAD2F14E66900B41C50 /* Project object */ = {
			isa = PBXProject;
			attributes = {
				BuildIndependentTargetsInParallel = 1;
				LastSwiftUpdateCheck = 2620;
				LastUpgradeCheck = 2620;
				TargetAttributes = {
					DDD52BB42F14E66900B41C50 = {
						CreatedOnToolsVersion = 17.0.0;
					};
				};
			};
			buildConfigurationList = DDD52BB02F14E66900B41C50 /* Build configuration list for PBXProject "Emlio" */;
			developmentRegion = en;
			hasScannedForEncodings = 0;
			knownRegions = (
				en,
				Base,
			);
			mainGroup = DDD52BAC2F14E66900B41C50;
			minimizedProjectReferenceProxies = 1;
			packageReferences = (
				DD57CC132F33626200AD4895 /* XCRemoteSwiftPackageReference "facebook-ios-sdk" */,
				DDF8505C2F34485D0004DD9D /* XCRemoteSwiftPackageReference "ios_sdk" */,
			);
			preferredProjectObjectVersion = 77;
			productRefGroup = DDD52BB62F14E66900B41C50 /* Products */;
			projectDirPath = "";
			projectRoot = "";
			targets = (
				DDD52BB42F14E66900B41C50 /* Emlio */,
			);
		};
/* End PBXProject section */

/* Begin PBXResourcesBuildPhase section */
		DDD52BB32F14E66900B41C50 /* Resources */ = {
			isa = PBXResourcesBuildPhase;
			buildActionMask = 2147483647;
			files = (
			);
			runOnlyForDeploymentPostprocessing = 0;
		};
/* End PBXResourcesBuildPhase section */

/* Begin PBXSourcesBuildPhase section */
		DDD52BB12F14E66900B41C50 /* Sources */ = {
			isa = PBXSourcesBuildPhase;
			buildActionMask = 2147483647;
			files = (
			);
			runOnlyForDeploymentPostprocessing = 0;
		};
/* End PBXSourcesBuildPhase section */

/* Begin XCBuildConfiguration section */
		DDD52BC02F14E66A00B41C50 /* Debug */ = {
			isa = XCBuildConfiguration;
			buildSettings = {
				ALWAYS_SEARCH_USER_PATHS = NO;
				ASSETCATALOG_COMPILER_GENERATE_SWIFT_ASSET_SYMBOL_EXTENSIONS = YES;
				CLANG_ANALYZER_NONNULL = YES;
				CLANG_ANALYZER_NUMBER_OBJECT_CONVERSION = YES_AGGRESSIVE;
				CLANG_CXX_LANGUAGE_STANDARD = "gnu++20";
				CLANG_ENABLE_MODULES = YES;
				CLANG_ENABLE_OBJC_ARC = YES;
				CLANG_ENABLE_OBJC_WEAK = YES;
				CLANG_WARN_BLOCK_CAPTURE_AUTORELEASING = YES;
				CLANG_WARN_BOOL_CONVERSION = YES;
				CLANG_WARN_COMMA = YES;
				CLANG_WARN_CONSTANT_CONVERSION = YES;
				CLANG_WARN_DEPRECATED_OBJC_IMPLEMENTATIONS = YES;
				CLANG_WARN_DIRECT_OBJC_ISA_USAGE = YES_ERROR;
				CLANG_WARN_DOCUMENTATION_COMMENTS = YES;
				CLANG_WARN_EMPTY_BODY = YES;
				CLANG_WARN_ENUM_CONVERSION = YES;
				CLANG_WARN_INFINITE_RECURSION = YES;
				CLANG_WARN_INT_CONVERSION = YES;
				CLANG_WARN_NON_LITERAL_NULL_CONVERSION = YES;
				CLANG_WARN_OBJC_IMPLICIT_RETAIN_SELF = YES;
				CLANG_WARN_OBJC_LITERAL_CONVERSION = YES;
				CLANG_WARN_OBJC_ROOT_CLASS = YES_ERROR;
				CLANG_WARN_QUOTED_INCLUDE_IN_FRAMEWORK_HEADER = YES;
				CLANG_WARN_RANGE_LOOP_ANALYSIS = YES;
				CLANG_WARN_STRICT_PROTOTYPES = YES;
				CLANG_WARN_SUSPICIOUS_MOVE = YES;
				CLANG_WARN_UNGUARDED_AVAILABILITY = YES_AGGRESSIVE;
				CLANG_WARN_UNREACHABLE_CODE = YES;
				CLANG_WARN__DUPLICATE_METHOD_MATCH = YES;
				COPY_PHASE_STRIP = NO;
				DEBUG_INFORMATION_FORMAT = dwarf;
				ENABLE_STRICT_OBJC_MSGSEND = YES;
				ENABLE_TESTABILITY = YES;
				ENABLE_USER_SCRIPT_SANDBOXING = YES;
				GCC_C_LANGUAGE_STANDARD = gnu17;
				GCC_DYNAMIC_NO_PIC = NO;
				GCC_NO_COMMON_BLOCKS = YES;
				GCC_OPTIMIZATION_LEVEL = 0;
				GCC_PREPROCESSOR_DEFINITIONS = (
					"DEBUG=1",
					"$(inherited)",
				);
				GCC_WARN_64_TO_32_BIT_CONVERSION = YES;
				GCC_WARN_ABOUT_RETURN_TYPE = YES_ERROR;
				GCC_WARN_UNDECLARED_SELECTOR = YES;
				GCC_WARN_UNINITIALIZED_AUTOS = YES_AGGRESSIVE;
				GCC_WARN_UNUSED_FUNCTION = YES;
				GCC_WARN_UNUSED_VARIABLE = YES;
				IPHONEOS_DEPLOYMENT_TARGET = 17.0.0;
				LOCALIZATION_PREFERS_STRING_CATALOGS = YES;
				MTL_ENABLE_DEBUG_INFO = INCLUDE_SOURCE;
				MTL_FAST_MATH = YES;
				ONLY_ACTIVE_ARCH = YES;
				SDKROOT = iphoneos;
				STRING_CATALOG_GENERATE_SYMBOLS = YES;
				SWIFT_ACTIVE_COMPILATION_CONDITIONS = "DEBUG $(inherited)";
				SWIFT_OPTIMIZATION_LEVEL = "-Onone";
			};
			name = Debug;
		};
		DDD52BC12F14E66A00B41C50 /* Release */ = {
			isa = XCBuildConfiguration;
			buildSettings = {
				ALWAYS_SEARCH_USER_PATHS = NO;
				ASSETCATALOG_COMPILER_GENERATE_SWIFT_ASSET_SYMBOL_EXTENSIONS = YES;
				CLANG_ANALYZER_NONNULL = YES;
				CLANG_ANALYZER_NUMBER_OBJECT_CONVERSION = YES_AGGRESSIVE;
				CLANG_CXX_LANGUAGE_STANDARD = "gnu++20";
				CLANG_ENABLE_MODULES = YES;
				CLANG_ENABLE_OBJC_ARC = YES;
				CLANG_ENABLE_OBJC_WEAK = YES;
				CLANG_WARN_BLOCK_CAPTURE_AUTORELEASING = YES;
				CLANG_WARN_BOOL_CONVERSION = YES;
				CLANG_WARN_COMMA = YES;
				CLANG_WARN_CONSTANT_CONVERSION = YES;
				CLANG_WARN_DEPRECATED_OBJC_IMPLEMENTATIONS = YES;
				CLANG_WARN_DIRECT_OBJC_ISA_USAGE = YES_ERROR;
				CLANG_WARN_DOCUMENTATION_COMMENTS = YES;
				CLANG_WARN_EMPTY_BODY = YES;
				CLANG_WARN_ENUM_CONVERSION = YES;
				CLANG_WARN_INFINITE_RECURSION = YES;
				CLANG_WARN_INT_CONVERSION = YES;
				CLANG_WARN_NON_LITERAL_NULL_CONVERSION = YES;
				CLANG_WARN_OBJC_IMPLICIT_RETAIN_SELF = YES;
				CLANG_WARN_OBJC_LITERAL_CONVERSION = YES;
				CLANG_WARN_OBJC_ROOT_CLASS = YES_ERROR;
				CLANG_WARN_QUOTED_INCLUDE_IN_FRAMEWORK_HEADER = YES;
				CLANG_WARN_RANGE_LOOP_ANALYSIS = YES;
				CLANG_WARN_STRICT_PROTOTYPES = YES;
				CLANG_WARN_SUSPICIOUS_MOVE = YES;
				CLANG_WARN_UNGUARDED_AVAILABILITY = YES_AGGRESSIVE;
				CLANG_WARN_UNREACHABLE_CODE = YES;
				CLANG_WARN__DUPLICATE_METHOD_MATCH = YES;
				COPY_PHASE_STRIP = NO;
				DEBUG_INFORMATION_FORMAT = "dwarf-with-dsym";
				ENABLE_NS_ASSERTIONS = NO;
				ENABLE_STRICT_OBJC_MSGSEND = YES;
				ENABLE_USER_SCRIPT_SANDBOXING = YES;
				GCC_C_LANGUAGE_STANDARD = gnu17;
				GCC_NO_COMMON_BLOCKS = YES;
				GCC_WARN_64_TO_32_BIT_CONVERSION = YES;
				GCC_WARN_ABOUT_RETURN_TYPE = YES_ERROR;
				GCC_WARN_UNDECLARED_SELECTOR = YES;
				GCC_WARN_UNINITIALIZED_AUTOS = YES_AGGRESSIVE;
				GCC_WARN_UNUSED_FUNCTION = YES;
				GCC_WARN_UNUSED_VARIABLE = YES;
				IPHONEOS_DEPLOYMENT_TARGET = 17.0.0;
				LOCALIZATION_PREFERS_STRING_CATALOGS = YES;
				MTL_ENABLE_DEBUG_INFO = NO;
				MTL_FAST_MATH = YES;
				SDKROOT = iphoneos;
				STRING_CATALOG_GENERATE_SYMBOLS = YES;
				SWIFT_COMPILATION_MODE = wholemodule;
				VALIDATE_PRODUCT = YES;
			};
			name = Release;
		};
		DDD52BC32F14E66A00B41C50 /* Debug */ = {
			isa = XCBuildConfiguration;
			buildSettings = {
				ASSETCATALOG_COMPILER_APPICON_NAME = AppIcon;
				ASSETCATALOG_COMPILER_GLOBAL_ACCENT_COLOR_NAME = AccentColor;
				CODE_SIGN_ENTITLEMENTS = Emlio/Emlio.entitlements;
				CODE_SIGN_IDENTITY = "Apple Development";
				CODE_SIGN_STYLE = Manual;
				CURRENT_PROJECT_VERSION = 1;
				DEVELOPMENT_TEAM = "";
				ENABLE_PREVIEWS = YES;
				ENABLE_USER_SCRIPT_SANDBOXING = YES;
				GENERATE_INFOPLIST_FILE = YES;
				INFOPLIST_FILE = Emlio/Info.plist;
				INFOPLIST_KEY_NSCameraUsageDescription = "This app needs camera access to capture landscapes, portraits, and videos. Your photos and videos can decorate your profile or share with friends. They're securely stored on your device and only shared with your permission. Privacy and security are protected.";
				INFOPLIST_KEY_NSLocationAlwaysUsageDescription = "This app needs location access for sharing, discovering events, and using location-based features. Location data is used responsibly with your consent. Privacy and security are our priorities.";
				INFOPLIST_KEY_NSLocationWhenInUseUsageDescription = "This app needs location access for sharing, discovering events, and using location-based features. Location data is used responsibly with your consent. Privacy and security are our priorities.";
				INFOPLIST_KEY_NSMicrophoneUsageDescription = "This app needs microphone access for recording voice messages and sharing audio. Audio stays on your device unless you share. Privacy is our priority.";
				INFOPLIST_KEY_NSPhotoLibraryUsageDescription = "This app needs access to your photo library for sharing memorable photos/videos. It stays on your device unless you share. Access is for easy sharing and is privacy-protected.";
				INFOPLIST_KEY_UIApplicationSceneManifest_Generation = YES;
				INFOPLIST_KEY_UIApplicationSupportsIndirectInputEvents = YES;
				INFOPLIST_KEY_UILaunchScreen_Generation = YES;
				INFOPLIST_KEY_UILaunchStoryboardName = "Launch Screen";
				INFOPLIST_KEY_UISupportedInterfaceOrientations_iPad = UIInterfaceOrientationPortrait;
				INFOPLIST_KEY_UISupportedInterfaceOrientations_iPhone = UIInterfaceOrientationPortrait;
				LD_RUNPATH_SEARCH_PATHS = (
					"$(inherited)",
					"@executable_path/Frameworks",
				);
				MARKETING_VERSION = 1.2.0;
				PRODUCT_BUNDLE_IDENTIFIER = com.asjhdsf.emlio;
				PRODUCT_NAME = "$(TARGET_NAME)";
				PROVISIONING_PROFILE_SPECIFIER = "";
				STRING_CATALOG_GENERATE_SYMBOLS = YES;
				SUPPORTED_PLATFORMS = "iphoneos iphonesimulator";
				SUPPORTS_MACCATALYST = NO;
				SUPPORTS_MAC_DESIGNED_FOR_IPHONE_IPAD = NO;
				SUPPORTS_XR_DESIGNED_FOR_IPHONE_IPAD = NO;
				SWIFT_APPROACHABLE_CONCURRENCY = YES;
				SWIFT_DEFAULT_ACTOR_ISOLATION = MainActor;
				SWIFT_EMIT_LOC_STRINGS = YES;
				SWIFT_UPCOMING_FEATURE_MEMBER_IMPORT_VISIBILITY = YES;
				SWIFT_VERSION = 5.0;
				TARGETED_DEVICE_FAMILY = 1;
			};
			name = Debug;
		};
		DDD52BC42F14E66A00B41C50 /* Release */ = {
			isa = XCBuildConfiguration;
			buildSettings = {
				ASSETCATALOG_COMPILER_APPICON_NAME = AppIcon;
				ASSETCATALOG_COMPILER_GLOBAL_ACCENT_COLOR_NAME = AccentColor;
				CODE_SIGN_ENTITLEMENTS = Emlio/Emlio.entitlements;
				CODE_SIGN_IDENTITY = "Apple Development";
				CODE_SIGN_STYLE = Manual;
				CURRENT_PROJECT_VERSION = 1;
				DEVELOPMENT_TEAM = "";
				ENABLE_PREVIEWS = YES;
				ENABLE_USER_SCRIPT_SANDBOXING = YES;
				GENERATE_INFOPLIST_FILE = YES;
				INFOPLIST_FILE = Emlio/Info.plist;
				INFOPLIST_KEY_NSCameraUsageDescription = "This app needs camera access to capture landscapes, portraits, and videos. Your photos and videos can decorate your profile or share with friends. They're securely stored on your device and only shared with your permission. Privacy and security are protected.";
				INFOPLIST_KEY_NSLocationAlwaysUsageDescription = "This app needs location access for sharing, discovering events, and using location-based features. Location data is used responsibly with your consent. Privacy and security are our priorities.";
				INFOPLIST_KEY_NSLocationWhenInUseUsageDescription = "This app needs location access for sharing, discovering events, and using location-based features. Location data is used responsibly with your consent. Privacy and security are our priorities.";
				INFOPLIST_KEY_NSMicrophoneUsageDescription = "This app needs microphone access for recording voice messages and sharing audio. Audio stays on your device unless you share. Privacy is our priority.";
				INFOPLIST_KEY_NSPhotoLibraryUsageDescription = "This app needs access to your photo library for sharing memorable photos/videos. It stays on your device unless you share. Access is for easy sharing and is privacy-protected.";
				INFOPLIST_KEY_UIApplicationSceneManifest_Generation = YES;
				INFOPLIST_KEY_UIApplicationSupportsIndirectInputEvents = YES;
				INFOPLIST_KEY_UILaunchScreen_Generation = YES;
				INFOPLIST_KEY_UILaunchStoryboardName = "Launch Screen";
				INFOPLIST_KEY_UISupportedInterfaceOrientations_iPad = UIInterfaceOrientationPortrait;
				INFOPLIST_KEY_UISupportedInterfaceOrientations_iPhone = UIInterfaceOrientationPortrait;
				LD_RUNPATH_SEARCH_PATHS = (
					"$(inherited)",
					"@executable_path/Frameworks",
				);
				MARKETING_VERSION = 1.2.0;
				PRODUCT_BUNDLE_IDENTIFIER = com.asjhdsf.emlio;
				PRODUCT_NAME = "$(TARGET_NAME)";
				PROVISIONING_PROFILE_SPECIFIER = "";
				STRING_CATALOG_GENERATE_SYMBOLS = YES;
				SUPPORTED_PLATFORMS = "iphoneos iphonesimulator";
				SUPPORTS_MACCATALYST = NO;
				SUPPORTS_MAC_DESIGNED_FOR_IPHONE_IPAD = NO;
				SUPPORTS_XR_DESIGNED_FOR_IPHONE_IPAD = NO;
				SWIFT_APPROACHABLE_CONCURRENCY = YES;
				SWIFT_DEFAULT_ACTOR_ISOLATION = MainActor;
				SWIFT_EMIT_LOC_STRINGS = YES;
				SWIFT_UPCOMING_FEATURE_MEMBER_IMPORT_VISIBILITY = YES;
				SWIFT_VERSION = 5.0;
				TARGETED_DEVICE_FAMILY = 1;
			};
			name = Release;
		};
/* End XCBuildConfiguration section */

/* Begin XCConfigurationList section */
		DDD52BB02F14E66900B41C50 /* Build configuration list for PBXProject "Emlio" */ = {
			isa = XCConfigurationList;
			buildConfigurations = (
				DDD52BC02F14E66A00B41C50 /* Debug */,
				DDD52BC12F14E66A00B41C50 /* Release */,
			);
			defaultConfigurationIsVisible = 0;
			defaultConfigurationName = Release;
		};
		DDD52BC22F14E66A00B41C50 /* Build configuration list for PBXNativeTarget "Emlio" */ = {
			isa = XCConfigurationList;
			buildConfigurations = (
				DDD52BC32F14E66A00B41C50 /* Debug */,
				DDD52BC42F14E66A00B41C50 /* Release */,
			);
			defaultConfigurationIsVisible = 0;
			defaultConfigurationName = Release;
		};
/* End XCConfigurationList section */

/* Begin XCRemoteSwiftPackageReference section */
		DD57CC132F33626200AD4895 /* XCRemoteSwiftPackageReference "facebook-ios-sdk" */ = {
			isa = XCRemoteSwiftPackageReference;
			repositoryURL = "https://github.com/facebook/facebook-ios-sdk";
			requirement = {
				kind = upToNextMajorVersion;
				minimumVersion = 14.1.0;
			};
		};
		DDF8505C2F34485D0004DD9D /* XCRemoteSwiftPackageReference "ios_sdk" */ = {
			isa = XCRemoteSwiftPackageReference;
			repositoryURL = "https://github.com/adjust/ios_sdk";
			requirement = {
				branch = master;
				kind = branch;
			};
		};
/* End XCRemoteSwiftPackageReference section */

/* Begin XCSwiftPackageProductDependency section */
		DD57CC142F33626200AD4895 /* FacebookAEM */ = {
			isa = XCSwiftPackageProductDependency;
			package = DD57CC132F33626200AD4895 /* XCRemoteSwiftPackageReference "facebook-ios-sdk" */;
			productName = FacebookAEM;
		};
		DD57CC162F33626200AD4895 /* FacebookBasics */ = {
			isa = XCSwiftPackageProductDependency;
			package = DD57CC132F33626200AD4895 /* XCRemoteSwiftPackageReference "facebook-ios-sdk" */;
			productName = FacebookBasics;
		};
		DD57CC182F33626200AD4895 /* FacebookCore */ = {
			isa = XCSwiftPackageProductDependency;
			package = DD57CC132F33626200AD4895 /* XCRemoteSwiftPackageReference "facebook-ios-sdk" */;
			productName = FacebookCore;
		};
		DDF8505D2F34485D0004DD9D /* AdjustGoogleOdm */ = {
			isa = XCSwiftPackageProductDependency;
			package = DDF8505C2F34485D0004DD9D /* XCRemoteSwiftPackageReference "ios_sdk" */;
			productName = AdjustGoogleOdm;
		};
		DDF8505F2F34485D0004DD9D /* AdjustSdk */ = {
			isa = XCSwiftPackageProductDependency;
			package = DDF8505C2F34485D0004DD9D /* XCRemoteSwiftPackageReference "ios_sdk" */;
			productName = AdjustSdk;
		};
/* End XCSwiftPackageProductDependency section */
	};
	rootObject = DDD52BAD2F14E66900B41C50 /* Project object */;
}
